// !$*UTF8*$!
{
	archiveVersion = 1;
	classes = {
	};
	objectVersion = 56;
	objects = {

/* Begin PBXBuildFile section */
		942F11382C0A5C59008B5B91 /* GoogleService-Info.plist in Resources */ = {isa = PBXBuildFile; fileRef = 942F11372C0A5C59008B5B91 /* GoogleService-Info.plist */; };
		94599CA52C060AD200CA5DDC /* kirinoApp.swift in Sources */ = {isa = PBXBuildFile; fileRef = 94599CA42C060AD200CA5DDC /* kirinoApp.swift */; };
		94599CA72C060AD200CA5DDC /* ContentView.swift in Sources */ = {isa = PBXBuildFile; fileRef = 94599CA62C060AD200CA5DDC /* ContentView.swift */; };
		94599CA92C060AD300CA5DDC /* Assets.xcassets in Resources */ = {isa = PBXBuildFile; fileRef = 94599CA82C060AD300CA5DDC /* Assets.xcassets */; };
		94599CAC2C060AD300CA5DDC /* Preview Assets.xcassets in Resources */ = {isa = PBXBuildFile; fileRef = 94599CAB2C060AD300CA5DDC /* Preview Assets.xcassets */; };
		94599CB42C060B6400CA5DDC /* Message.swift in Sources */ = {isa = PBXBuildFile; fileRef = 94599CB32C060B6400CA5DDC /* Message.swift */; };
		94599CB62C060BF700CA5DDC /* CircleImage.swift in Sources */ = {isa = PBXBuildFile; fileRef = 94599CB52C060BF700CA5DDC /* CircleImage.swift */; };
		94599CB82C060D0000CA5DDC /* ModelData.swift in Sources */ = {isa = PBXBuildFile; fileRef = 94599CB72C060D0000CA5DDC /* ModelData.swift */; };
		94599CBB2C060DEE00CA5DDC /* messageData.json in Resources */ = {isa = PBXBuildFile; fileRef = 94599CBA2C060DEE00CA5DDC /* messageData.json */; };
		94599CC72C07680C00CA5DDC /* ContentView.swift in Sources */ = {isa = PBXBuildFile; fileRef = 94599CC62C07680C00CA5DDC /* ContentView.swift */; };
		94599CC92C07680D00CA5DDC /* Assets.xcassets in Resources */ = {isa = PBXBuildFile; fileRef = 94599CC82C07680D00CA5DDC /* Assets.xcassets */; };
		94599CCC2C07680D00CA5DDC /* Preview Assets.xcassets in Resources */ = {isa = PBXBuildFile; fileRef = 94599CCB2C07680D00CA5DDC /* Preview Assets.xcassets */; };
		94599CCF2C07680E00CA5DDC /* WatchKirino Watch App.app in Embed Watch Content */ = {isa = PBXBuildFile; fileRef = 94599CC22C07680C00CA5DDC /* WatchKirino Watch App.app */; settings = {ATTRIBUTES = (RemoveHeadersOnCopy, ); }; };
		9479F31E2C08949D00A3EA74 /* DetailView.swift in Sources */ = {isa = PBXBuildFile; fileRef = 9479F31D2C08949D00A3EA74 /* DetailView.swift */; };
		9479F3202C089C8700A3EA74 /* WatchKirinoApp.swift in Sources */ = {isa = PBXBuildFile; fileRef = 9479F31F2C089C8700A3EA74 /* WatchKirinoApp.swift */; };
		9479F3222C08BA6F00A3EA74 /* ResponseController.swift in Sources */ = {isa = PBXBuildFile; fileRef = 9479F3212C08BA6F00A3EA74 /* ResponseController.swift */; };
		9479F3252C08BB7200A3EA74 /* ResponseNotificationView.swift in Sources */ = {isa = PBXBuildFile; fileRef = 9479F3242C08BB7200A3EA74 /* ResponseNotificationView.swift */; };
		9479F32F2C09C49300A3EA74 /* ExtensionDelegate.swift in Sources */ = {isa = PBXBuildFile; fileRef = 9479F32E2C09C49300A3EA74 /* ExtensionDelegate.swift */; };
		94904CC22C09F2E70080EDE4 /* FirebaseAnalytics in Frameworks */ = {isa = PBXBuildFile; productRef = 94904CC12C09F2E70080EDE4 /* FirebaseAnalytics */; };
		94904CC42C09F2E70080EDE4 /* FirebaseMessaging in Frameworks */ = {isa = PBXBuildFile; productRef = 94904CC32C09F2E70080EDE4 /* FirebaseMessaging */; };
		94E1E6862C083E9A007C9258 /* messageData.json in Resources */ = {isa = PBXBuildFile; fileRef = 94599CBA2C060DEE00CA5DDC /* messageData.json */; };
		94E1E6872C083E9A007C9258 /* Message.swift in Sources */ = {isa = PBXBuildFile; fileRef = 94599CB32C060B6400CA5DDC /* Message.swift */; };
		94E1E6882C083E9A007C9258 /* ModelData.swift in Sources */ = {isa = PBXBuildFile; fileRef = 94599CB72C060D0000CA5DDC /* ModelData.swift */; };
		94E1E6892C083E9A007C9258 /* CircleImage.swift in Sources */ = {isa = PBXBuildFile; fileRef = 94599CB52C060BF700CA5DDC /* CircleImage.swift */; };
		94E1E68B2C083EEF007C9258 /* NotificationView.swift in Sources */ = {isa = PBXBuildFile; fileRef = 94E1E68A2C083EEF007C9258 /* NotificationView.swift */; };
		94E1E68D2C08455B007C9258 /* NotificationController.swift in Sources */ = {isa = PBXBuildFile; fileRef = 94E1E68C2C08455B007C9258 /* NotificationController.swift */; };
		94E1E68F2C088E74007C9258 /* Assets.xcassets in Resources */ = {isa = PBXBuildFile; fileRef = 94599CA82C060AD300CA5DDC /* Assets.xcassets */; };
/* End PBXBuildFile section */

/* Begin PBXContainerItemProxy section */
		94599CCD2C07680E00CA5DDC /* PBXContainerItemProxy */ = {
			isa = PBXContainerItemProxy;
			containerPortal = 94599C992C060AD200CA5DDC /* Project object */;
			proxyType = 1;
			remoteGlobalIDString = 94599CC12C07680C00CA5DDC;
			remoteInfo = "WatchKirino Watch App";
		};
/* End PBXContainerItemProxy section */

/* Begin PBXCopyFilesBuildPhase section */
		94599CD32C07680E00CA5DDC /* Embed Watch Content */ = {
			isa = PBXCopyFilesBuildPhase;
			buildActionMask = 2147483647;
			dstPath = "$(CONTENTS_FOLDER_PATH)/Watch";
			dstSubfolderSpec = 16;
			files = (
				94599CCF2C07680E00CA5DDC /* WatchKirino Watch App.app in Embed Watch Content */,
			);
			name = "Embed Watch Content";
			runOnlyForDeploymentPostprocessing = 0;
		};
/* End PBXCopyFilesBuildPhase section */

/* Begin PBXFileReference section */
		942F11372C0A5C59008B5B91 /* GoogleService-Info.plist */ = {isa = PBXFileReference; fileEncoding = 4; lastKnownFileType = text.plist.xml; path = "GoogleService-Info.plist"; sourceTree = "<group>"; };
		94599CA12C060AD200CA5DDC /* kirino.app */ = {isa = PBXFileReference; explicitFileType = wrapper.application; includeInIndex = 0; path = kirino.app; sourceTree = BUILT_PRODUCTS_DIR; };
		94599CA42C060AD200CA5DDC /* kirinoApp.swift */ = {isa = PBXFileReference; lastKnownFileType = sourcecode.swift; path = kirinoApp.swift; sourceTree = "<group>"; };
		94599CA62C060AD200CA5DDC /* ContentView.swift */ = {isa = PBXFileReference; lastKnownFileType = sourcecode.swift; path = ContentView.swift; sourceTree = "<group>"; };
		94599CA82C060AD300CA5DDC /* Assets.xcassets */ = {isa = PBXFileReference; lastKnownFileType = folder.assetcatalog; path = Assets.xcassets; sourceTree = "<group>"; };
		94599CAB2C060AD300CA5DDC /* Preview Assets.xcassets */ = {isa = PBXFileReference; lastKnownFileType = folder.assetcatalog; path = "Preview Assets.xcassets"; sourceTree = "<group>"; };
		94599CB32C060B6400CA5DDC /* Message.swift */ = {isa = PBXFileReference; lastKnownFileType = sourcecode.swift; path = Message.swift; sourceTree = "<group>"; };
		94599CB52C060BF700CA5DDC /* CircleImage.swift */ = {isa = PBXFileReference; lastKnownFileType = sourcecode.swift; path = CircleImage.swift; sourceTree = "<group>"; };
		94599CB72C060D0000CA5DDC /* ModelData.swift */ = {isa = PBXFileReference; lastKnownFileType = sourcecode.swift; path = ModelData.swift; sourceTree = "<group>"; };
		94599CBA2C060DEE00CA5DDC /* messageData.json */ = {isa = PBXFileReference; lastKnownFileType = text.json; path = messageData.json; sourceTree = "<group>"; };
		94599CC22C07680C00CA5DDC /* WatchKirino Watch App.app */ = {isa = PBXFileReference; explicitFileType = wrapper.application; includeInIndex = 0; path = "WatchKirino Watch App.app"; sourceTree = BUILT_PRODUCTS_DIR; };
		94599CC62C07680C00CA5DDC /* ContentView.swift */ = {isa = PBXFileReference; lastKnownFileType = sourcecode.swift; path = ContentView.swift; sourceTree = "<group>"; };
		94599CC82C07680D00CA5DDC /* Assets.xcassets */ = {isa = PBXFileReference; lastKnownFileType = folder.assetcatalog; path = Assets.xcassets; sourceTree = "<group>"; };
		94599CCB2C07680D00CA5DDC /* Preview Assets.xcassets */ = {isa = PBXFileReference; lastKnownFileType = folder.assetcatalog; path = "Preview Assets.xcassets"; sourceTree = "<group>"; };
		9479F31D2C08949D00A3EA74 /* DetailView.swift */ = {isa = PBXFileReference; lastKnownFileType = sourcecode.swift; path = DetailView.swift; sourceTree = "<group>"; };
		9479F31F2C089C8700A3EA74 /* WatchKirinoApp.swift */ = {isa = PBXFileReference; lastKnownFileType = sourcecode.swift; path = WatchKirinoApp.swift; sourceTree = "<group>"; };
		9479F3212C08BA6F00A3EA74 /* ResponseController.swift */ = {isa = PBXFileReference; lastKnownFileType = sourcecode.swift; path = ResponseController.swift; sourceTree = "<group>"; };
		9479F3232C08BABC00A3EA74 /* ResponsePushNotificationPayload.apns */ = {isa = PBXFileReference; lastKnownFileType = text; path = ResponsePushNotificationPayload.apns; sourceTree = "<group>"; };
		9479F3242C08BB7200A3EA74 /* ResponseNotificationView.swift */ = {isa = PBXFileReference; lastKnownFileType = sourcecode.swift; path = ResponseNotificationView.swift; sourceTree = "<group>"; };
		9479F3282C09BC9400A3EA74 /* WatchKirino Watch App.entitlements */ = {isa = PBXFileReference; lastKnownFileType = text.plist.entitlements; path = "WatchKirino Watch App.entitlements"; sourceTree = "<group>"; };
		9479F3292C09BC9D00A3EA74 /* kirino.entitlements */ = {isa = PBXFileReference; lastKnownFileType = text.plist.entitlements; path = kirino.entitlements; sourceTree = "<group>"; };
		9479F32A2C09BCB300A3EA74 /* WatchKirino-Watch-App-Info.plist */ = {isa = PBXFileReference; lastKnownFileType = text.plist; path = "WatchKirino-Watch-App-Info.plist"; sourceTree = SOURCE_ROOT; };
		9479F32B2C09BCB900A3EA74 /* Info.plist */ = {isa = PBXFileReference; lastKnownFileType = text.plist; path = Info.plist; sourceTree = "<group>"; };
		9479F32E2C09C49300A3EA74 /* ExtensionDelegate.swift */ = {isa = PBXFileReference; lastKnownFileType = sourcecode.swift; path = ExtensionDelegate.swift; sourceTree = "<group>"; };
		94E1E68A2C083EEF007C9258 /* NotificationView.swift */ = {isa = PBXFileReference; lastKnownFileType = sourcecode.swift; path = NotificationView.swift; sourceTree = "<group>"; };
		94E1E68C2C08455B007C9258 /* NotificationController.swift */ = {isa = PBXFileReference; lastKnownFileType = sourcecode.swift; path = NotificationController.swift; sourceTree = "<group>"; };
		94E1E68E2C0847B1007C9258 /* PushNotificationPayload.apns */ = {isa = PBXFileReference; lastKnownFileType = text; path = PushNotificationPayload.apns; sourceTree = "<group>"; };
/* End PBXFileReference section */

/* Begin PBXFrameworksBuildPhase section */
		94599C9E2C060AD200CA5DDC /* Frameworks */ = {
			isa = PBXFrameworksBuildPhase;
			buildActionMask = 2147483647;
			files = (
			);
			runOnlyForDeploymentPostprocessing = 0;
		};
		94599CBF2C07680C00CA5DDC /* Frameworks */ = {
			isa = PBXFrameworksBuildPhase;
			buildActionMask = 2147483647;
			files = (
				94904CC42C09F2E70080EDE4 /* FirebaseMessaging in Frameworks */,
				94904CC22C09F2E70080EDE4 /* FirebaseAnalytics in Frameworks */,
			);
			runOnlyForDeploymentPostprocessing = 0;
		};
/* End PBXFrameworksBuildPhase section */

/* Begin PBXGroup section */
		94599C982C060AD200CA5DDC = {
			isa = PBXGroup;
			children = (
				94599CA32C060AD200CA5DDC /* kirino */,
				94599CC32C07680C00CA5DDC /* WatchKirino Watch App */,
				94599CA22C060AD200CA5DDC /* Products */,
			);
			sourceTree = "<group>";
		};
		94599CA22C060AD200CA5DDC /* Products */ = {
			isa = PBXGroup;
			children = (
				94599CA12C060AD200CA5DDC /* kirino.app */,
				94599CC22C07680C00CA5DDC /* WatchKirino Watch App.app */,
			);
			name = Products;
			sourceTree = "<group>";
		};
		94599CA32C060AD200CA5DDC /* kirino */ = {
			isa = PBXGroup;
			children = (
				9479F32B2C09BCB900A3EA74 /* Info.plist */,
				9479F3292C09BC9D00A3EA74 /* kirino.entitlements */,
				94599CB92C060DD400CA5DDC /* Resources */,
				94599CB22C060AE000CA5DDC /* Model */,
				94599CA42C060AD200CA5DDC /* kirinoApp.swift */,
				94599CA62C060AD200CA5DDC /* ContentView.swift */,
				94599CA82C060AD300CA5DDC /* Assets.xcassets */,
				94599CAA2C060AD300CA5DDC /* Preview Content */,
				94599CB52C060BF700CA5DDC /* CircleImage.swift */,
			);
			path = kirino;
			sourceTree = "<group>";
		};
		94599CAA2C060AD300CA5DDC /* Preview Content */ = {
			isa = PBXGroup;
			children = (
				94599CAB2C060AD300CA5DDC /* Preview Assets.xcassets */,
			);
			path = "Preview Content";
			sourceTree = "<group>";
		};
		94599CB22C060AE000CA5DDC /* Model */ = {
			isa = PBXGroup;
			children = (
				94599CB32C060B6400CA5DDC /* Message.swift */,
				94599CB72C060D0000CA5DDC /* ModelData.swift */,
			);
			path = Model;
			sourceTree = "<group>";
		};
		94599CB92C060DD400CA5DDC /* Resources */ = {
			isa = PBXGroup;
			children = (
				94599CBA2C060DEE00CA5DDC /* messageData.json */,
			);
			path = Resources;
			sourceTree = "<group>";
		};
		94599CC32C07680C00CA5DDC /* WatchKirino Watch App */ = {
			isa = PBXGroup;
			children = (
				942F11372C0A5C59008B5B91 /* GoogleService-Info.plist */,
				9479F32A2C09BCB300A3EA74 /* WatchKirino-Watch-App-Info.plist */,
				9479F3282C09BC9400A3EA74 /* WatchKirino Watch App.entitlements */,
				9479F31F2C089C8700A3EA74 /* WatchKirinoApp.swift */,
				94599CC62C07680C00CA5DDC /* ContentView.swift */,
				94599CC82C07680D00CA5DDC /* Assets.xcassets */,
				94599CCA2C07680D00CA5DDC /* Preview Content */,
				94E1E68A2C083EEF007C9258 /* NotificationView.swift */,
				9479F31D2C08949D00A3EA74 /* DetailView.swift */,
				9479F3242C08BB7200A3EA74 /* ResponseNotificationView.swift */,
				94E1E68C2C08455B007C9258 /* NotificationController.swift */,
				9479F3212C08BA6F00A3EA74 /* ResponseController.swift */,
				94E1E68E2C0847B1007C9258 /* PushNotificationPayload.apns */,
				9479F3232C08BABC00A3EA74 /* ResponsePushNotificationPayload.apns */,
				9479F32E2C09C49300A3EA74 /* ExtensionDelegate.swift */,
			);
			path = "WatchKirino Watch App";
			sourceTree = "<group>";
		};
		94599CCA2C07680D00CA5DDC /* Preview Content */ = {
			isa = PBXGroup;
			children = (
				94599CCB2C07680D00CA5DDC /* Preview Assets.xcassets */,
			);
			path = "Preview Content";
			sourceTree = "<group>";
		};
/* End PBXGroup section */

/* Begin PBXNativeTarget section */
		94599CA02C060AD200CA5DDC /* kirino */ = {
			isa = PBXNativeTarget;
			buildConfigurationList = 94599CAF2C060AD300CA5DDC /* Build configuration list for PBXNativeTarget "kirino" */;
			buildPhases = (
				94599C9D2C060AD200CA5DDC /* Sources */,
				94599C9E2C060AD200CA5DDC /* Frameworks */,
				94599C9F2C060AD200CA5DDC /* Resources */,
				94599CD32C07680E00CA5DDC /* Embed Watch Content */,
			);
			buildRules = (
			);
			dependencies = (
				94599CCE2C07680E00CA5DDC /* PBXTargetDependency */,
			);
			name = kirino;
			productName = kirino;
			productReference = 94599CA12C060AD200CA5DDC /* kirino.app */;
			productType = "com.apple.product-type.application";
		};
		94599CC12C07680C00CA5DDC /* WatchKirino Watch App */ = {
			isa = PBXNativeTarget;
			buildConfigurationList = 94599CD02C07680E00CA5DDC /* Build configuration list for PBXNativeTarget "WatchKirino Watch App" */;
			buildPhases = (
				94599CBE2C07680C00CA5DDC /* Sources */,
				94599CBF2C07680C00CA5DDC /* Frameworks */,
				94599CC02C07680C00CA5DDC /* Resources */,
			);
			buildRules = (
			);
			dependencies = (
			);
			name = "WatchKirino Watch App";
			packageProductDependencies = (
				94904CC12C09F2E70080EDE4 /* FirebaseAnalytics */,
				94904CC32C09F2E70080EDE4 /* FirebaseMessaging */,
			);
			productName = "WatchKirino Watch App";
			productReference = 94599CC22C07680C00CA5DDC /* WatchKirino Watch App.app */;
			productType = "com.apple.product-type.application";
		};
/* End PBXNativeTarget section */

/* Begin PBXProject section */
		94599C992C060AD200CA5DDC /* Project object */ = {
			isa = PBXProject;
			attributes = {
				BuildIndependentTargetsInParallel = 1;
				LastSwiftUpdateCheck = 1540;
				LastUpgradeCheck = 1540;
				TargetAttributes = {
					94599CA02C060AD200CA5DDC = {
						CreatedOnToolsVersion = 15.4;
					};
					94599CC12C07680C00CA5DDC = {
						CreatedOnToolsVersion = 15.4;
					};
				};
			};
			buildConfigurationList = 94599C9C2C060AD200CA5DDC /* Build configuration list for PBXProject "kirino" */;
			compatibilityVersion = "Xcode 14.0";
			developmentRegion = en;
			hasScannedForEncodings = 0;
			knownRegions = (
				en,
				Base,
			);
			mainGroup = 94599C982C060AD200CA5DDC;
			packageReferences = (
				94904CC02C09F2E70080EDE4 /* XCRemoteSwiftPackageReference "firebase-ios-sdk" */,
			);
			productRefGroup = 94599CA22C060AD200CA5DDC /* Products */;
			projectDirPath = "";
			projectRoot = "";
			targets = (
				94599CA02C060AD200CA5DDC /* kirino */,
				94599CC12C07680C00CA5DDC /* WatchKirino Watch App */,
			);
		};
/* End PBXProject section */

/* Begin PBXResourcesBuildPhase section */
		94599C9F2C060AD200CA5DDC /* Resources */ = {
			isa = PBXResourcesBuildPhase;
			buildActionMask = 2147483647;
			files = (
				94599CBB2C060DEE00CA5DDC /* messageData.json in Resources */,
				94599CAC2C060AD300CA5DDC /* Preview Assets.xcassets in Resources */,
				94599CA92C060AD300CA5DDC /* Assets.xcassets in Resources */,
			);
			runOnlyForDeploymentPostprocessing = 0;
		};
		94599CC02C07680C00CA5DDC /* Resources */ = {
			isa = PBXResourcesBuildPhase;
			buildActionMask = 2147483647;
			files = (
				94E1E6862C083E9A007C9258 /* messageData.json in Resources */,
				94599CCC2C07680D00CA5DDC /* Preview Assets.xcassets in Resources */,
				942F11382C0A5C59008B5B91 /* GoogleService-Info.plist in Resources */,
				94E1E68F2C088E74007C9258 /* Assets.xcassets in Resources */,
				94599CC92C07680D00CA5DDC /* Assets.xcassets in Resources */,
			);
			runOnlyForDeploymentPostprocessing = 0;
		};
/* End PBXResourcesBuildPhase section */

/* Begin PBXSourcesBuildPhase section */
		94599C9D2C060AD200CA5DDC /* Sources */ = {
			isa = PBXSourcesBuildPhase;
			buildActionMask = 2147483647;
			files = (
				94599CB42C060B6400CA5DDC /* Message.swift in Sources */,
				94599CB62C060BF700CA5DDC /* CircleImage.swift in Sources */,
				94599CB82C060D0000CA5DDC /* ModelData.swift in Sources */,
				94599CA72C060AD200CA5DDC /* ContentView.swift in Sources */,
				94599CA52C060AD200CA5DDC /* kirinoApp.swift in Sources */,
			);
			runOnlyForDeploymentPostprocessing = 0;
		};
		94599CBE2C07680C00CA5DDC /* Sources */ = {
			isa = PBXSourcesBuildPhase;
			buildActionMask = 2147483647;
			files = (
				94599CC72C07680C00CA5DDC /* ContentView.swift in Sources */,
				9479F31E2C08949D00A3EA74 /* DetailView.swift in Sources */,
				94E1E6872C083E9A007C9258 /* Message.swift in Sources */,
				9479F3202C089C8700A3EA74 /* WatchKirinoApp.swift in Sources */,
				9479F3252C08BB7200A3EA74 /* ResponseNotificationView.swift in Sources */,
				9479F32F2C09C49300A3EA74 /* ExtensionDelegate.swift in Sources */,
				94E1E68D2C08455B007C9258 /* NotificationController.swift in Sources */,
				9479F3222C08BA6F00A3EA74 /* ResponseController.swift in Sources */,
				94E1E6882C083E9A007C9258 /* ModelData.swift in Sources */,
				94E1E6892C083E9A007C9258 /* CircleImage.swift in Sources */,
				94E1E68B2C083EEF007C9258 /* NotificationView.swift in Sources */,
			);
			runOnlyForDeploymentPostprocessing = 0;
		};
/* End PBXSourcesBuildPhase section */

/* Begin PBXTargetDependency section */
		94599CCE2C07680E00CA5DDC /* PBXTargetDependency */ = {
			isa = PBXTargetDependency;
			target = 94599CC12C07680C00CA5DDC /* WatchKirino Watch App */;
			targetProxy = 94599CCD2C07680E00CA5DDC /* PBXContainerItemProxy */;
		};
/* End PBXTargetDependency section */

/* Begin XCBuildConfiguration section */
		94599CAD2C060AD300CA5DDC /* Debug */ = {
			isa = XCBuildConfiguration;
			buildSettings = {
				ALWAYS_SEARCH_USER_PATHS = NO;
				ASSETCATALOG_COMPILER_GENERATE_SWIFT_ASSET_SYMBOL_EXTENSIONS = YES;
				CLANG_ANALYZER_NONNULL = YES;
				CLANG_ANALYZER_NUMBER_OBJECT_CONVERSION = YES_AGGRESSIVE;
				CLANG_CXX_LANGUAGE_STANDARD = "gnu++20";
				CLANG_ENABLE_MODULES = YES;
				CLANG_ENABLE_OBJC_ARC = YES;
				CLANG_ENABLE_OBJC_WEAK = YES;
				CLANG_WARN_BLOCK_CAPTURE_AUTORELEASING = YES;
				CLANG_WARN_BOOL_CONVERSION = YES;
				CLANG_WARN_COMMA = YES;
				CLANG_WARN_CONSTANT_CONVERSION = YES;
				CLANG_WARN_DEPRECATED_OBJC_IMPLEMENTATIONS = YES;
				CLANG_WARN_DIRECT_OBJC_ISA_USAGE = YES_ERROR;
				CLANG_WARN_DOCUMENTATION_COMMENTS = YES;
				CLANG_WARN_EMPTY_BODY = YES;
				CLANG_WARN_ENUM_CONVERSION = YES;
				CLANG_WARN_INFINITE_RECURSION = YES;
				CLANG_WARN_INT_CONVERSION = YES;
				CLANG_WARN_NON_LITERAL_NULL_CONVERSION = YES;
				CLANG_WARN_OBJC_IMPLICIT_RETAIN_SELF = YES;
				CLANG_WARN_OBJC_LITERAL_CONVERSION = YES;
				CLANG_WARN_OBJC_ROOT_CLASS = YES_ERROR;
				CLANG_WARN_QUOTED_INCLUDE_IN_FRAMEWORK_HEADER = YES;
				CLANG_WARN_RANGE_LOOP_ANALYSIS = YES;
				CLANG_WARN_STRICT_PROTOTYPES = YES;
				CLANG_WARN_SUSPICIOUS_MOVE = YES;
				CLANG_WARN_UNGUARDED_AVAILABILITY = YES_AGGRESSIVE;
				CLANG_WARN_UNREACHABLE_CODE = YES;
				CLANG_WARN__DUPLICATE_METHOD_MATCH = YES;
				COPY_PHASE_STRIP = NO;
				DEBUG_INFORMATION_FORMAT = dwarf;
				ENABLE_STRICT_OBJC_MSGSEND = YES;
				ENABLE_TESTABILITY = YES;
				ENABLE_USER_SCRIPT_SANDBOXING = YES;
				GCC_C_LANGUAGE_STANDARD = gnu17;
				GCC_DYNAMIC_NO_PIC = NO;
				GCC_NO_COMMON_BLOCKS = YES;
				GCC_OPTIMIZATION_LEVEL = 0;
				GCC_PREPROCESSOR_DEFINITIONS = (
					"DEBUG=1",
					"$(inherited)",
				);
				GCC_WARN_64_TO_32_BIT_CONVERSION = YES;
				GCC_WARN_ABOUT_RETURN_TYPE = YES_ERROR;
				GCC_WARN_UNDECLARED_SELECTOR = YES;
				GCC_WARN_UNINITIALIZED_AUTOS = YES_AGGRESSIVE;
				GCC_WARN_UNUSED_FUNCTION = YES;
				GCC_WARN_UNUSED_VARIABLE = YES;
				IPHONEOS_DEPLOYMENT_TARGET = 17.5;
				LOCALIZATION_PREFERS_STRING_CATALOGS = YES;
				MTL_ENABLE_DEBUG_INFO = INCLUDE_SOURCE;
				MTL_FAST_MATH = YES;
				ONLY_ACTIVE_ARCH = YES;
				SDKROOT = iphoneos;
				SWIFT_ACTIVE_COMPILATION_CONDITIONS = "DEBUG $(inherited)";
				SWIFT_OPTIMIZATION_LEVEL = "-Onone";
			};
			name = Debug;
		};
		94599CAE2C060AD300CA5DDC /* Release */ = {
			isa = XCBuildConfiguration;
			buildSettings = {
				ALWAYS_SEARCH_USER_PATHS = NO;
				ASSETCATALOG_COMPILER_GENERATE_SWIFT_ASSET_SYMBOL_EXTENSIONS = YES;
				CLANG_ANALYZER_NONNULL = YES;
				CLANG_ANALYZER_NUMBER_OBJECT_CONVERSION = YES_AGGRESSIVE;
				CLANG_CXX_LANGUAGE_STANDARD = "gnu++20";
				CLANG_ENABLE_MODULES = YES;
				CLANG_ENABLE_OBJC_ARC = YES;
				CLANG_ENABLE_OBJC_WEAK = YES;
				CLANG_WARN_BLOCK_CAPTURE_AUTORELEASING = YES;
				CLANG_WARN_BOOL_CONVERSION = YES;
				CLANG_WARN_COMMA = YES;
				CLANG_WARN_CONSTANT_CONVERSION = YES;
				CLANG_WARN_DEPRECATED_OBJC_IMPLEMENTATIONS = YES;
				CLANG_WARN_DIRECT_OBJC_ISA_USAGE = YES_ERROR;
				CLANG_WARN_DOCUMENTATION_COMMENTS = YES;
				CLANG_WARN_EMPTY_BODY = YES;
				CLANG_WARN_ENUM_CONVERSION = YES;
				CLANG_WARN_INFINITE_RECURSION = YES;
				CLANG_WARN_INT_CONVERSION = YES;
				CLANG_WARN_NON_LITERAL_NULL_CONVERSION = YES;
				CLANG_WARN_OBJC_IMPLICIT_RETAIN_SELF = YES;
				CLANG_WARN_OBJC_LITERAL_CONVERSION = YES;
				CLANG_WARN_OBJC_ROOT_CLASS = YES_ERROR;
				CLANG_WARN_QUOTED_INCLUDE_IN_FRAMEWORK_HEADER = YES;
				CLANG_WARN_RANGE_LOOP_ANALYSIS = YES;
				CLANG_WARN_STRICT_PROTOTYPES = YES;
				CLANG_WARN_SUSPICIOUS_MOVE = YES;
				CLANG_WARN_UNGUARDED_AVAILABILITY = YES_AGGRESSIVE;
				CLANG_WARN_UNREACHABLE_CODE = YES;
				CLANG_WARN__DUPLICATE_METHOD_MATCH = YES;
				COPY_PHASE_STRIP = NO;
				DEBUG_INFORMATION_FORMAT = "dwarf-with-dsym";
				ENABLE_NS_ASSERTIONS = NO;
				ENABLE_STRICT_OBJC_MSGSEND = YES;
				ENABLE_USER_SCRIPT_SANDBOXING = YES;
				GCC_C_LANGUAGE_STANDARD = gnu17;
				GCC_NO_COMMON_BLOCKS = YES;
				GCC_WARN_64_TO_32_BIT_CONVERSION = YES;
				GCC_WARN_ABOUT_RETURN_TYPE = YES_ERROR;
				GCC_WARN_UNDECLARED_SELECTOR = YES;
				GCC_WARN_UNINITIALIZED_AUTOS = YES_AGGRESSIVE;
				GCC_WARN_UNUSED_FUNCTION = YES;
				GCC_WARN_UNUSED_VARIABLE = YES;
				IPHONEOS_DEPLOYMENT_TARGET = 17.5;
				LOCALIZATION_PREFERS_STRING_CATALOGS = YES;
				MTL_ENABLE_DEBUG_INFO = NO;
				MTL_FAST_MATH = YES;
				SDKROOT = iphoneos;
				SWIFT_COMPILATION_MODE = wholemodule;
				VALIDATE_PRODUCT = YES;
			};
			name = Release;
		};
		94599CB02C060AD300CA5DDC /* Debug */ = {
			isa = XCBuildConfiguration;
			buildSettings = {
				ALWAYS_EMBED_SWIFT_STANDARD_LIBRARIES = YES;
				ASSETCATALOG_COMPILER_APPICON_NAME = AppIcon;
				ASSETCATALOG_COMPILER_GLOBAL_ACCENT_COLOR_NAME = AccentColor;
				CODE_SIGN_ENTITLEMENTS = kirino/kirino.entitlements;
				CODE_SIGN_IDENTITY = "Apple Development";
				CODE_SIGN_STYLE = Automatic;
				CURRENT_PROJECT_VERSION = 1;
				DEVELOPMENT_ASSET_PATHS = "\"kirino/Preview Content\"";
				DEVELOPMENT_TEAM = 6332BXK582;
				ENABLE_PREVIEWS = YES;
				GENERATE_INFOPLIST_FILE = YES;
				INFOPLIST_FILE = kirino/Info.plist;
				INFOPLIST_KEY_UIApplicationSceneManifest_Generation = YES;
				INFOPLIST_KEY_UIApplicationSupportsIndirectInputEvents = YES;
				INFOPLIST_KEY_UILaunchScreen_Generation = YES;
				INFOPLIST_KEY_UISupportedInterfaceOrientations_iPad = "UIInterfaceOrientationPortrait UIInterfaceOrientationPortraitUpsideDown UIInterfaceOrientationLandscapeLeft UIInterfaceOrientationLandscapeRight";
				INFOPLIST_KEY_UISupportedInterfaceOrientations_iPhone = "UIInterfaceOrientationPortrait UIInterfaceOrientationLandscapeLeft UIInterfaceOrientationLandscapeRight";
				INFOPLIST_KEY_WKCompanionAppBundleIdentifier = com.itsnowkim.newkirino;
				LD_RUNPATH_SEARCH_PATHS = (
					"$(inherited)",
					"@executable_path/Frameworks",
				);
				MARKETING_VERSION = 1.0;
				PRODUCT_BUNDLE_IDENTIFIER = com.itsnowkim.newkirino;
				PRODUCT_NAME = "$(TARGET_NAME)";
				SWIFT_EMIT_LOC_STRINGS = YES;
				SWIFT_VERSION = 5.0;
				TARGETED_DEVICE_FAMILY = "1,2";
			};
			name = Debug;
		};
		94599CB12C060AD300CA5DDC /* Release */ = {
			isa = XCBuildConfiguration;
			buildSettings = {
				ALWAYS_EMBED_SWIFT_STANDARD_LIBRARIES = YES;
				ASSETCATALOG_COMPILER_APPICON_NAME = AppIcon;
				ASSETCATALOG_COMPILER_GLOBAL_ACCENT_COLOR_NAME = AccentColor;
				CODE_SIGN_ENTITLEMENTS = kirino/kirino.entitlements;
				CODE_SIGN_IDENTITY = "Apple Development";
				CODE_SIGN_STYLE = Automatic;
				CURRENT_PROJECT_VERSION = 1;
				DEVELOPMENT_ASSET_PATHS = "\"kirino/Preview Content\"";
				DEVELOPMENT_TEAM = 6332BXK582;
				ENABLE_PREVIEWS = YES;
				GENERATE_INFOPLIST_FILE = YES;
				INFOPLIST_FILE = kirino/Info.plist;
				INFOPLIST_KEY_UIApplicationSceneManifest_Generation = YES;
				INFOPLIST_KEY_UIApplicationSupportsIndirectInputEvents = YES;
				INFOPLIST_KEY_UILaunchScreen_Generation = YES;
				INFOPLIST_KEY_UISupportedInterfaceOrientations_iPad = "UIInterfaceOrientationPortrait UIInterfaceOrientationPortraitUpsideDown UIInterfaceOrientationLandscapeLeft UIInterfaceOrientationLandscapeRight";
				INFOPLIST_KEY_UISupportedInterfaceOrientations_iPhone = "UIInterfaceOrientationPortrait UIInterfaceOrientationLandscapeLeft UIInterfaceOrientationLandscapeRight";
				INFOPLIST_KEY_WKCompanionAppBundleIdentifier = com.itsnowkim.newkirino;
				LD_RUNPATH_SEARCH_PATHS = (
					"$(inherited)",
					"@executable_path/Frameworks",
				);
				MARKETING_VERSION = 1.0;
				PRODUCT_BUNDLE_IDENTIFIER = com.itsnowkim.newkirino;
				PRODUCT_NAME = "$(TARGET_NAME)";
				SWIFT_EMIT_LOC_STRINGS = YES;
				SWIFT_VERSION = 5.0;
				TARGETED_DEVICE_FAMILY = "1,2";
			};
			name = Release;
		};
		94599CD12C07680E00CA5DDC /* Debug */ = {
			isa = XCBuildConfiguration;
			buildSettings = {
				ASSETCATALOG_COMPILER_APPICON_NAME = AppIcon;
				ASSETCATALOG_COMPILER_GLOBAL_ACCENT_COLOR_NAME = AccentColor;
				ASSETCATALOG_COMPILER_INCLUDE_ALL_APPICON_ASSETS = YES;
				CODE_SIGN_ENTITLEMENTS = "WatchKirino Watch App/WatchKirino Watch App.entitlements";
				CODE_SIGN_IDENTITY = "Apple Development";
				CODE_SIGN_STYLE = Automatic;
				CURRENT_PROJECT_VERSION = 1;
				DEVELOPMENT_ASSET_PATHS = "\"WatchKirino Watch App/Preview Content\"";
				DEVELOPMENT_TEAM = 6332BXK582;
				ENABLE_PREVIEWS = YES;
				GENERATE_INFOPLIST_FILE = YES;
				INFOPLIST_FILE = "WatchKirino-Watch-App-Info.plist";
				INFOPLIST_KEY_CFBundleDisplayName = WatchKirino;
				INFOPLIST_KEY_UISupportedInterfaceOrientations = "UIInterfaceOrientationPortrait UIInterfaceOrientationPortraitUpsideDown";
				INFOPLIST_KEY_WKCompanionAppBundleIdentifier = com.itsnowkim.newkirino;
				INFOPLIST_KEY_WKRunsIndependentlyOfCompanionApp = YES;
				LD_RUNPATH_SEARCH_PATHS = (
					"$(inherited)",
					"@executable_path/Frameworks",
				);
				MARKETING_VERSION = 1.0;
				PRODUCT_BUNDLE_IDENTIFIER = com.itsnowkim.newkirino.watchkitapp;
				PRODUCT_NAME = "$(TARGET_NAME)";
				SDKROOT = watchos;
				SKIP_INSTALL = YES;
				SWIFT_EMIT_LOC_STRINGS = YES;
				SWIFT_VERSION = 5.0;
				TARGETED_DEVICE_FAMILY = 4;
				WATCHOS_DEPLOYMENT_TARGET = 10.5;
			};
			name = Debug;
		};
		94599CD22C07680E00CA5DDC /* Release */ = {
			isa = XCBuildConfiguration;
			buildSettings = {
				ASSETCATALOG_COMPILER_APPICON_NAME = AppIcon;
				ASSETCATALOG_COMPILER_GLOBAL_ACCENT_COLOR_NAME = AccentColor;
				ASSETCATALOG_COMPILER_INCLUDE_ALL_APPICON_ASSETS = YES;
				CODE_SIGN_ENTITLEMENTS = "WatchKirino Watch App/WatchKirino Watch App.entitlements";
				CODE_SIGN_IDENTITY = "Apple Development";
				CODE_SIGN_STYLE = Automatic;
				CURRENT_PROJECT_VERSION = 1;
				DEVELOPMENT_ASSET_PATHS = "\"WatchKirino Watch App/Preview Content\"";
				DEVELOPMENT_TEAM = 6332BXK582;
				ENABLE_PREVIEWS = YES;
				GENERATE_INFOPLIST_FILE = YES;
				INFOPLIST_FILE = "WatchKirino-Watch-App-Info.plist";
				INFOPLIST_KEY_CFBundleDisplayName = WatchKirino;
				INFOPLIST_KEY_UISupportedInterfaceOrientations = "UIInterfaceOrientationPortrait UIInterfaceOrientationPortraitUpsideDown";
				INFOPLIST_KEY_WKCompanionAppBundleIdentifier = com.itsnowkim.newkirino;
				INFOPLIST_KEY_WKRunsIndependentlyOfCompanionApp = YES;
				LD_RUNPATH_SEARCH_PATHS = (
					"$(inherited)",
					"@executable_path/Frameworks",
				);
				MARKETING_VERSION = 1.0;
				PRODUCT_BUNDLE_IDENTIFIER = com.itsnowkim.newkirino.watchkitapp;
				PRODUCT_NAME = "$(TARGET_NAME)";
				SDKROOT = watchos;
				SKIP_INSTALL = YES;
				SWIFT_EMIT_LOC_STRINGS = YES;
				SWIFT_VERSION = 5.0;
				TARGETED_DEVICE_FAMILY = 4;
				WATCHOS_DEPLOYMENT_TARGET = 10.5;
			};
			name = Release;
		};
/* End XCBuildConfiguration section */

/* Begin XCConfigurationList section */
		94599C9C2C060AD200CA5DDC /* Build configuration list for PBXProject "kirino" */ = {
			isa = XCConfigurationList;
			buildConfigurations = (
				94599CAD2C060AD300CA5DDC /* Debug */,
				94599CAE2C060AD300CA5DDC /* Release */,
			);
			defaultConfigurationIsVisible = 0;
			defaultConfigurationName = Release;
		};
		94599CAF2C060AD300CA5DDC /* Build configuration list for PBXNativeTarget "kirino" */ = {
			isa = XCConfigurationList;
			buildConfigurations = (
				94599CB02C060AD300CA5DDC /* Debug */,
				94599CB12C060AD300CA5DDC /* Release */,
			);
			defaultConfigurationIsVisible = 0;
			defaultConfigurationName = Release;
		};
		94599CD02C07680E00CA5DDC /* Build configuration list for PBXNativeTarget "WatchKirino Watch App" */ = {
			isa = XCConfigurationList;
			buildConfigurations = (
				94599CD12C07680E00CA5DDC /* Debug */,
				94599CD22C07680E00CA5DDC /* Release */,
			);
			defaultConfigurationIsVisible = 0;
			defaultConfigurationName = Release;
		};
/* End XCConfigurationList section */

/* Begin XCRemoteSwiftPackageReference section */
		94904CC02C09F2E70080EDE4 /* XCRemoteSwiftPackageReference "firebase-ios-sdk" */ = {
			isa = XCRemoteSwiftPackageReference;
			repositoryURL = "https://github.com/firebase/firebase-ios-sdk";
			requirement = {
				kind = upToNextMajorVersion;
				minimumVersion = 10.27.0;
			};
		};
/* End XCRemoteSwiftPackageReference section */

/* Begin XCSwiftPackageProductDependency section */
		94904CC12C09F2E70080EDE4 /* FirebaseAnalytics */ = {
			isa = XCSwiftPackageProductDependency;
			package = 94904CC02C09F2E70080EDE4 /* XCRemoteSwiftPackageReference "firebase-ios-sdk" */;
			productName = FirebaseAnalytics;
		};
		94904CC32C09F2E70080EDE4 /* FirebaseMessaging */ = {
			isa = XCSwiftPackageProductDependency;
			package = 94904CC02C09F2E70080EDE4 /* XCRemoteSwiftPackageReference "firebase-ios-sdk" */;
			productName = FirebaseMessaging;
		};
/* End XCSwiftPackageProductDependency section */
	};
	rootObject = 94599C992C060AD200CA5DDC /* Project object */;
}
